
Microsoft Visual Studio Solution File, Format Version 12.00
# Visual Studio Version 16
VisualStudioVersion = 16.0.30114.105
MinimumVisualStudioVersion = 10.0.40219.1
Project("{9A19103F-16F7-4668-BE54-9A1E7A4F7556}") = "API", "API\API.csproj", "{1CE2E766-F080-4DCB-96ED-0EFB0B85BA87}"
EndProject
Project("{9A19103F-16F7-4668-BE54-9A1E7A4F7556}") = "Extensions", "Extensions\Extensions.csproj", "{04FCE822-5C57-417D-A332-E1C9D378E6B0}"
EndProject
Project("{FAE04EC0-301F-11D3-BF4B-00C04F79EFBC}") = "Models", "Models\Models.csproj", "{9DE6AA8F-C861-4BD0-98CB-C5492BFD3765}"
EndProject
Project("{FAE04EC0-301F-11D3-BF4B-00C04F79EFBC}") = "Data", "Data\Data.csproj", "{B0F62DBE-43B7-42C7-9001-DAA45E7BFF4B}"
EndProject
Project("{FAE04EC0-301F-11D3-BF4B-00C04F79EFBC}") = "Service", "Service\Service.csproj", "{A87004FA-0B22-4227-B74F-036E01F0D6A9}"
EndProject
Project("{FAE04EC0-301F-11D3-BF4B-00C04F79EFBC}") = "Interface", "Interface\Interface.csproj", "{887994F9-FCD0-4FC9-9D8D-304E893961D7}"
EndProject
Global
	GlobalSection(SolutionConfigurationPlatforms) = preSolution
		Debug|Any CPU = Debug|Any CPU
		Debug|x64 = Debug|x64
		Debug|x86 = Debug|x86
		Release|Any CPU = Release|Any CPU
		Release|x64 = Release|x64
		Release|x86 = Release|x86
	EndGlobalSection
	GlobalSection(ProjectConfigurationPlatforms) = postSolution
		{1CE2E766-F080-4DCB-96ED-0EFB0B85BA87}.Debug|Any CPU.ActiveCfg = Debug|Any CPU
		{1CE2E766-F080-4DCB-96ED-0EFB0B85BA87}.Debug|Any CPU.Build.0 = Debug|Any CPU
		{1CE2E766-F080-4DCB-96ED-0EFB0B85BA87}.Debug|x64.ActiveCfg = Debug|Any CPU
		{1CE2E766-F080-4DCB-96ED-0EFB0B85BA87}.Debug|x64.Build.0 = Debug|Any CPU
		{1CE2E766-F080-4DCB-96ED-0EFB0B85BA87}.Debug|x86.ActiveCfg = Debug|Any CPU
		{1CE2E766-F080-4DCB-96ED-0EFB0B85BA87}.Debug|x86.Build.0 = Debug|Any CPU
		{1CE2E766-F080-4DCB-96ED-0EFB0B85BA87}.Release|Any CPU.ActiveCfg = Release|Any CPU
		{1CE2E766-F080-4DCB-96ED-0EFB0B85BA87}.Release|Any CPU.Build.0 = Release|Any CPU
		{1CE2E766-F080-4DCB-96ED-0EFB0B85BA87}.Release|x64.ActiveCfg = Release|Any CPU
		{1CE2E766-F080-4DCB-96ED-0EFB0B85BA87}.Release|x64.Build.0 = Release|Any CPU
		{1CE2E766-F080-4DCB-96ED-0EFB0B85BA87}.Release|x86.ActiveCfg = Release|Any CPU
		{1CE2E766-F080-4DCB-96ED-0EFB0B85BA87}.Release|x86.Build.0 = Release|Any CPU
		{04FCE822-5C57-417D-A332-E1C9D378E6B0}.Debug|Any CPU.ActiveCfg = Debug|Any CPU
		{04FCE822-5C57-417D-A332-E1C9D378E6B0}.Debug|Any CPU.Build.0 = Debug|Any CPU
		{04FCE822-5C57-417D-A332-E1C9D378E6B0}.Debug|x64.ActiveCfg = Debug|Any CPU
		{04FCE822-5C57-417D-A332-E1C9D378E6B0}.Debug|x64.Build.0 = Debug|Any CPU
		{04FCE822-5C57-417D-A332-E1C9D378E6B0}.Debug|x86.ActiveCfg = Debug|Any CPU
		{04FCE822-5C57-417D-A332-E1C9D378E6B0}.Debug|x86.Build.0 = Debug|Any CPU
		{04FCE822-5C57-417D-A332-E1C9D378E6B0}.Release|Any CPU.ActiveCfg = Release|Any CPU
		{04FCE822-5C57-417D-A332-E1C9D378E6B0}.Release|Any CPU.Build.0 = Release|Any CPU
		{04FCE822-5C57-417D-A332-E1C9D378E6B0}.Release|x64.ActiveCfg = Release|Any CPU
		{04FCE822-5C57-417D-A332-E1C9D378E6B0}.Release|x64.Build.0 = Release|Any CPU
		{04FCE822-5C57-417D-A332-E1C9D378E6B0}.Release|x86.ActiveCfg = Release|Any CPU
		{04FCE822-5C57-417D-A332-E1C9D378E6B0}.Release|x86.Build.0 = Release|Any CPU
		{9DE6AA8F-C861-4BD0-98CB-C5492BFD3765}.Debug|Any CPU.ActiveCfg = Debug|Any CPU
		{9DE6AA8F-C861-4BD0-98CB-C5492BFD3765}.Debug|Any CPU.Build.0 = Debug|Any CPU
		{9DE6AA8F-C861-4BD0-98CB-C5492BFD3765}.Debug|x64.ActiveCfg = Debug|Any CPU
		{9DE6AA8F-C861-4BD0-98CB-C5492BFD3765}.Debug|x64.Build.0 = Debug|Any CPU
		{9DE6AA8F-C861-4BD0-98CB-C5492BFD3765}.Debug|x86.ActiveCfg = Debug|Any CPU
		{9DE6AA8F-C861-4BD0-98CB-C5492BFD3765}.Debug|x86.Build.0 = Debug|Any CPU
		{9DE6AA8F-C861-4BD0-98CB-C5492BFD3765}.Release|Any CPU.ActiveCfg = Release|Any CPU
		{9DE6AA8F-C861-4BD0-98CB-C5492BFD3765}.Release|Any CPU.Build.0 = Release|Any CPU
		{9DE6AA8F-C861-4BD0-98CB-C5492BFD3765}.Release|x64.ActiveCfg = Release|Any CPU
		{9DE6AA8F-C861-4BD0-98CB-C5492BFD3765}.Release|x64.Build.0 = Release|Any CPU
		{9DE6AA8F-C861-4BD0-98CB-C5492BFD3765}.Release|x86.ActiveCfg = Release|Any CPU
		{9DE6AA8F-C861-4BD0-98CB-C5492BFD3765}.Release|x86.Build.0 = Release|Any CPU
		{B0F62DBE-43B7-42C7-9001-DAA45E7BFF4B}.Debug|Any CPU.ActiveCfg = Debug|Any CPU
		{B0F62DBE-43B7-42C7-9001-DAA45E7BFF4B}.Debug|Any CPU.Build.0 = Debug|Any CPU
		{B0F62DBE-43B7-42C7-9001-DAA45E7BFF4B}.Debug|x64.ActiveCfg = Debug|Any CPU
		{B0F62DBE-43B7-42C7-9001-DAA45E7BFF4B}.Debug|x64.Build.0 = Debug|Any CPU
		{B0F62DBE-43B7-42C7-9001-DAA45E7BFF4B}.Debug|x86.ActiveCfg = Debug|Any CPU
		{B0F62DBE-43B7-42C7-9001-DAA45E7BFF4B}.Debug|x86.Build.0 = Debug|Any CPU
		{B0F62DBE-43B7-42C7-9001-DAA45E7BFF4B}.Release|Any CPU.ActiveCfg = Release|Any CPU
		{B0F62DBE-43B7-42C7-9001-DAA45E7BFF4B}.Release|Any CPU.Build.0 = Release|Any CPU
		{B0F62DBE-43B7-42C7-9001-DAA45E7BFF4B}.Release|x64.ActiveCfg = Release|Any CPU
		{B0F62DBE-43B7-42C7-9001-DAA45E7BFF4B}.Release|x64.Build.0 = Release|Any CPU
		{B0F62DBE-43B7-42C7-9001-DAA45E7BFF4B}.Release|x86.ActiveCfg = Release|Any CPU
		{B0F62DBE-43B7-42C7-9001-DAA45E7BFF4B}.Release|x86.Build.0 = Release|Any CPU
		{A87004FA-0B22-4227-B74F-036E01F0D6A9}.Debug|Any CPU.ActiveCfg = Debug|Any CPU
		{A87004FA-0B22-4227-B74F-036E01F0D6A9}.Debug|Any CPU.Build.0 = Debug|Any CPU
		{A87004FA-0B22-4227-B74F-036E01F0D6A9}.Debug|x64.ActiveCfg = Debug|Any CPU
		{A87004FA-0B22-4227-B74F-036E01F0D6A9}.Debug|x64.Build.0 = Debug|Any CPU
		{A87004FA-0B22-4227-B74F-036E01F0D6A9}.Debug|x86.ActiveCfg = Debug|Any CPU
		{A87004FA-0B22-4227-B74F-036E01F0D6A9}.Debug|x86.Build.0 = Debug|Any CPU
		{A87004FA-0B22-4227-B74F-036E01F0D6A9}.Release|Any CPU.ActiveCfg = Release|Any CPU
		{A87004FA-0B22-4227-B74F-036E01F0D6A9}.Release|Any CPU.Build.0 = Release|Any CPU
		{A87004FA-0B22-4227-B74F-036E01F0D6A9}.Release|x64.ActiveCfg = Release|Any CPU
		{A87004FA-0B22-4227-B74F-036E01F0D6A9}.Release|x64.Build.0 = Release|Any CPU
		{A87004FA-0B22-4227-B74F-036E01F0D6A9}.Release|x86.ActiveCfg = Release|Any CPU
		{A87004FA-0B22-4227-B74F-036E01F0D6A9}.Release|x86.Build.0 = Release|Any CPU
		{887994F9-FCD0-4FC9-9D8D-304E893961D7}.Debug|Any CPU.ActiveCfg = Debug|Any CPU
		{887994F9-FCD0-4FC9-9D8D-304E893961D7}.Debug|Any CPU.Build.0 = Debug|Any CPU
		{887994F9-FCD0-4FC9-9D8D-304E893961D7}.Debug|x64.ActiveCfg = Debug|Any CPU
		{887994F9-FCD0-4FC9-9D8D-304E893961D7}.Debug|x64.Build.0 = Debug|Any CPU
		{887994F9-FCD0-4FC9-9D8D-304E893961D7}.Debug|x86.ActiveCfg = Debug|Any CPU
		{887994F9-FCD0-4FC9-9D8D-304E893961D7}.Debug|x86.Build.0 = Debug|Any CPU
		{887994F9-FCD0-4FC9-9D8D-304E893961D7}.Release|Any CPU.ActiveCfg = Release|Any CPU
		{887994F9-FCD0-4FC9-9D8D-304E893961D7}.Release|Any CPU.Build.0 = Release|Any CPU
		{887994F9-FCD0-4FC9-9D8D-304E893961D7}.Release|x64.ActiveCfg = Release|Any CPU
		{887994F9-FCD0-4FC9-9D8D-304E893961D7}.Release|x64.Build.0 = Release|Any CPU
		{887994F9-FCD0-4FC9-9D8D-304E893961D7}.Release|x86.ActiveCfg = Release|Any CPU
		{887994F9-FCD0-4FC9-9D8D-304E893961D7}.Release|x86.Build.0 = Release|Any CPU
	EndGlobalSection
	GlobalSection(SolutionProperties) = preSolution
		HideSolutionNode = FALSE
	EndGlobalSection
	GlobalSection(ExtensibilityGlobals) = postSolution
		SolutionGuid = {7CA1DE00-5448-4A4A-BE60-97D1A9901A18}
	EndGlobalSection
EndGlobal
